
Microsoft Visual Studio Solution File, Format Version 12.00
# Visual Studio Version 17
VisualStudioVersion = 17.9.34728.123
MinimumVisualStudioVersion = 10.0.40219.1
Project("{9A19103F-16F7-4668-BE54-9A1E7A4F7556}") = "WinForms.Client", "WinForms.Client\WinForms.Client.csproj", "{EF9F0A60-EB3A-412E-9707-DF3613FE9935}"
EndProject
Global
	GlobalSection(SolutionConfigurationPlatforms) = preSolution
		Debug|Any CPU = Debug|Any CPU
		Release|Any CPU = Release|Any CPU
	EndGlobalSection
	GlobalSection(ProjectConfigurationPlatforms) = postSolution
		{EF9F0A60-EB3A-412E-9707-DF3613FE9935}.Debug|Any CPU.ActiveCfg = Debug|Any CPU
		{EF9F0A60-EB3A-412E-9707-DF3613FE9935}.Debug|Any CPU.Build.0 = Debug|Any CPU
		{EF9F0A60-EB3A-412E-9707-DF3613FE9935}.Release|Any CPU.ActiveCfg = Release|Any CPU
		{EF9F0A60-EB3A-412E-9707-DF3613FE9935}.Release|Any CPU.Build.0 = Release|Any CPU
	EndGlobalSection
	GlobalSection(SolutionProperties) = preSolution
		HideSolutionNode = FALSE
	EndGlobalSection
	GlobalSection(ExtensibilityGlobals) = postSolution
		SolutionGuid = {5EA8E47F-F87A-45C5-939A-A3D4875D1D2F}
	EndGlobalSection
EndGlobal
